
Microsoft Visual Studio Solution File, Format Version 12.00
# Visual Studio Version 16
VisualStudioVersion = 16.0.34601.136
MinimumVisualStudioVersion = 10.0.40219.1
Project("{FAE04EC0-301F-11D3-BF4B-00C04F79EFBC}") = "biblioteca", "biblioteca.csproj", "{9D044A49-29CA-46E5-B316-0CDB348C8429}"
EndProject
Global
	GlobalSection(SolutionConfigurationPlatforms) = preSolution
		Debug|Any CPU = Debug|Any CPU
		Release|Any CPU = Release|Any CPU
	EndGlobalSection
	GlobalSection(ProjectConfigurationPlatforms) = postSolution
		{9D044A49-29CA-46E5-B316-0CDB348C8429}.Debug|Any CPU.ActiveCfg = Debug|Any CPU
		{9D044A49-29CA-46E5-B316-0CDB348C8429}.Debug|Any CPU.Build.0 = Debug|Any CPU
		{9D044A49-29CA-46E5-B316-0CDB348C8429}.Release|Any CPU.ActiveCfg = Release|Any CPU
		{9D044A49-29CA-46E5-B316-0CDB348C8429}.Release|Any CPU.Build.0 = Release|Any CPU
	EndGlobalSection
	GlobalSection(SolutionProperties) = preSolution
		HideSolutionNode = FALSE
	EndGlobalSection
	GlobalSection(ExtensibilityGlobals) = postSolution
		SolutionGuid = {FE1F4C57-11B0-4BF0-85A6-00CB4F3BDB80}
	EndGlobalSection
EndGlobal
